# THIS IS AN AUTOGENERATED FILE. DO NOT EDIT THIS FILE DIRECTLY.
# yarn lockfile v1


"@bufbuild/connect-web@^0.8.1":
  version "0.8.1"
  resolved "https://registry.yarnpkg.com/@bufbuild/connect-web/-/connect-web-0.8.1.tgz#217f706ef774bc63371bcdee1cf3ef043ecb6705"
  integrity sha512-gUaFFxnnDd/LjOST2AXn/YZLLJqRjkWQhufjx6B4rHqoIdGCtkoYMTxjFHVO7AqPkszBClxlaGzMf+7jBPmf9A==
  dependencies:
    "@bufbuild/connect" "0.8.1"

"@bufbuild/connect@0.8.1":
  version "0.8.1"
  resolved "https://registry.yarnpkg.com/@bufbuild/connect/-/connect-0.8.1.tgz#71afa90bf56bb833a7f3e2a492e6f9f83c2bebeb"
  integrity sha512-cQA0jstYcLknJecTE7KbU4ePNBqiCNviBEcUCbFLve3x+vcSmtoH6jb8z39MeBqFy42ZoWhTGGc3RNCeOx2QUA==

"@bufbuild/protobuf@1.1.0", "@bufbuild/protobuf@^1.1.0":
  version "1.1.0"
  resolved "https://registry.yarnpkg.com/@bufbuild/protobuf/-/protobuf-1.1.0.tgz#249fc602d0ca78564d6666bbffcbbaef9aa905ff"
  integrity sha512-NYqSqOp+7u37sfQugoJaIWbnQdUTwB0UtfNhIeN71rr/xY8upO9zIvM865Ju7ws/21xbu05RUdC1gNhSggmCYg==

"@bufbuild/protoc-gen-connect-web@^0.8.1":
  version "0.8.1"
  resolved "https://registry.yarnpkg.com/@bufbuild/protoc-gen-connect-web/-/protoc-gen-connect-web-0.8.1.tgz#d13ebf9552d3f14a32269aae631215376c6407b5"
  integrity sha512-JyK2pf6l1yr9FWQFlK6QbM6CLfbgfMi/2lgwkGG8aVNfQkV/9efNT4eFk8S53YXqpn+g+Xvwya7M04bi2rdm6g==
  dependencies:
    "@bufbuild/protoplugin" "^1.0.0"

"@bufbuild/protoc-gen-es@^1.1.0":
  version "1.1.0"
  resolved "https://registry.yarnpkg.com/@bufbuild/protoc-gen-es/-/protoc-gen-es-1.1.0.tgz#df4c48fb90ca31117d4d1816269daa88fedbfe51"
  integrity sha512-2xASwRsd1pAh/tzqlH7L+HRrlfreuSMRGr0xbZGcSQI5kTixgLLPSaNwankQplwcWTyGA59hY3cx6o78RsvlcQ==
  dependencies:
    "@bufbuild/protoplugin" "1.1.0"

"@bufbuild/protoplugin@1.1.0", "@bufbuild/protoplugin@^1.0.0":
  version "1.1.0"
  resolved "https://registry.yarnpkg.com/@bufbuild/protoplugin/-/protoplugin-1.1.0.tgz#62fc002e4a642cb76319004ef7188ec88f399a0e"
  integrity sha512-yDBBdJn6/qmVu3A5K18Hif4WYLCd+1Ps89DTvhzBG/Og5EjbaPlkf/pZYLJQuKvJlDnRMfm0iF3Gl2NjC9G3yg==
  dependencies:
    "@bufbuild/protobuf" "1.1.0"
    "@typescript/vfs" "^1.4.0"
    typescript "4.5.2"

"@typescript/vfs@^1.4.0":
  version "1.4.0"
  resolved "https://registry.yarnpkg.com/@typescript/vfs/-/vfs-1.4.0.tgz#2d22985c7666c9d4ce26eb025405e6f156aa32b0"
  integrity sha512-Pood7yv5YWMIX+yCHo176OnF8WUlKGImFG7XlsuH14Zb1YN5+dYD3uUtS7lqZtsH7tAveNUi2NzdpQCN0yRbaw==
  dependencies:
    debug "^4.1.1"

debug@^4.1.1:
  version "4.3.4"
  resolved "https://registry.yarnpkg.com/debug/-/debug-4.3.4.tgz#1319f6579357f2338d3337d2cdd4914bb5dcc865"
  integrity sha512-PRWFHuSU3eDtQJPvnNY7Jcket1j0t5OuOsFzPPzsekD52Zl8qUfFIPEiswXqIvHWGVHOgX+7G/vCNNhehwxfkQ==
  dependencies:
    ms "2.1.2"

ms@2.1.2:
  version "2.1.2"
  resolved "https://registry.yarnpkg.com/ms/-/ms-2.1.2.tgz#d09d1f357b443f493382a8eb3ccd183872ae6009"
  integrity sha512-sGkPx+VjMtmA6MX27oA4FBFELFCZZ4S4XqeGOXCv68tT+jb3vk/RyaKWP0PTKyWtmLSM0b+adUTEvbs1PEaH2w==

typescript@4.5.2:
  version "4.5.2"
  resolved "https://registry.yarnpkg.com/typescript/-/typescript-4.5.2.tgz#8ac1fba9f52256fdb06fb89e4122fa6a346c2998"
  integrity sha512-5BlMof9H1yGt0P8/WF+wPNw6GfctgGjXp5hkblpyT+8rkASSmkUKMXrxR0Xg8ThVCi/JnHQiKXeBaEwCeQwMFw==
